
Microsoft Visual Studio Solution File, Format Version 12.00
# Visual Studio Version 16
VisualStudioVersion = 16.0.30717.126
MinimumVisualStudioVersion = 10.0.40219.1
Project("{8BC9CEB8-8B4A-11D0-8D11-00A0C91BC942}") = "EasyAntiCringe", "EasyAntiCringe\EasyAntiCringe.vcxproj", "{24CF2DA1-188C-4D1F-B2EC-5DCEDBAE8A48}"
EndProject
Global
	GlobalSection(SolutionConfigurationPlatforms) = preSolution
		Release|x64 = Release|x64
		Release|x86 = Release|x86
	EndGlobalSection
	GlobalSection(ProjectConfigurationPlatforms) = postSolution
		{24CF2DA1-188C-4D1F-B2EC-5DCEDBAE8A48}.Release|x64.ActiveCfg = Release|x64
		{24CF2DA1-188C-4D1F-B2EC-5DCEDBAE8A48}.Release|x64.Build.0 = Release|x64
		{24CF2DA1-188C-4D1F-B2EC-5DCEDBAE8A48}.Release|x86.ActiveCfg = Release|Win32
		{24CF2DA1-188C-4D1F-B2EC-5DCEDBAE8A48}.Release|x86.Build.0 = Release|Win32
	EndGlobalSection
	GlobalSection(SolutionProperties) = preSolution
		HideSolutionNode = FALSE
	EndGlobalSection
	GlobalSection(ExtensibilityGlobals) = postSolution
		SolutionGuid = {D97A5630-B933-4EBF-814B-C4FD5C354931}
	EndGlobalSection
EndGlobal
